<?xml version="1.0" encoding="utf-8"?>
<Project ToolsVersion="4.0" xmlns="http://schemas.microsoft.com/developer/msbuild/2003">
  <ItemGroup>
    <Filter Include="Source Files">
      <UniqueIdentifier>{4FC737F1-C7A5-4376-A066-2A32D752A2FF}</UniqueIdentifier>
      <Extensions>cpp;c;cc;cxx;def;odl;idl;hpj;bat;asm;asmx</Extensions>
    </Filter>
    <Filter Include="Header Files">
      <UniqueIdentifier>{93995380-89BD-4b04-88EB-625FBE52EBFB}</UniqueIdentifier>
      <Extensions>h;hh;hpp;hxx;hm;inl;inc;xsd</Extensions>
    </Filter>
    <Filter Include="Resource Files">
      <UniqueIdentifier>{67DA6AB6-F800-4c08-8B7A-83BB121AAD01}</UniqueIdentifier>
      <Extensions>rc;ico;cur;bmp;dlg;rc2;rct;bin;rgs;gif;jpg;jpeg;jpe;resx;tiff;tif;png;wav;mfcribbon-ms</Extensions>
    </Filter>
    <Filter Include="Header Files\GestureRecognizer">
      <UniqueIdentifier>{900db547-782b-4e09-8e95-b5c3ff32ae42}</UniqueIdentifier>
    </Filter>
    <Filter Include="Source Files\GestureRecognizer">
      <UniqueIdentifier>{7816c53c-7b40-49f9-a6eb-7a92755d2fbb}</UniqueIdentifier>
    </Filter>
    <Filter Include="Header Files\therapy">
      <UniqueIdentifier>{82d0fe48-d887-4b27-82f8-61eee9909d1c}</UniqueIdentifier>
    </Filter>
    <Filter Include="Header Files\external">
      <UniqueIdentifier>{f5302726-3920-48e7-b672-ace78096ff14}</UniqueIdentifier>
    </Filter>
    <Filter Include="Source Files\external">
      <UniqueIdentifier>{aa85a0e9-aeda-452e-a0a6-155e659da6e9}</UniqueIdentifier>
    </Filter>
    <Filter Include="Source Files\therapy">
      <UniqueIdentifier>{533004cb-f786-4edd-8f63-9f4736458234}</UniqueIdentifier>
    </Filter>
    <Filter Include="Header Files\Actions">
      <UniqueIdentifier>{4a3a3bdc-3bf9-4386-b0d9-451e78391421}</UniqueIdentifier>
    </Filter>
    <Filter Include="Source Files\Actions">
      <UniqueIdentifier>{c9229489-4108-4653-8757-e16cb1908444}</UniqueIdentifier>
    </Filter>
  </ItemGroup>
  <ItemGroup>
    <ClCompile Include="Config.c">
      <Filter>Source Files</Filter>
    </ClCompile>
    <ClCompile Include="ConfigFileReader.c">
      <Filter>Source Files</Filter>
    </ClCompile>
    <ClCompile Include="KeyMap.c">
      <Filter>Source Files</Filter>
    </ClCompile>
    <ClCompile Include="InputConverter.c">
      <Filter>Source Files</Filter>
    </ClCompile>
    <ClCompile Include="View.c">
      <Filter>Source Files</Filter>
    </ClCompile>
    <ClCompile Include="client.cpp">
      <Filter>Source Files</Filter>
    </ClCompile>
    <ClCompile Include="util.c">
      <Filter>Source Files</Filter>
    </ClCompile>
    <ClCompile Include="Skeleton.c">
      <Filter>Source Files</Filter>
    </ClCompile>
    <ClCompile Include="NEDGloveGestures.c">
      <Filter>Source Files\GestureRecognizer</Filter>
    </ClCompile>
    <ClCompile Include="KinectGestures.c">
      <Filter>Source Files\GestureRecognizer</Filter>
    </ClCompile>
    <ClCompile Include="LeapMotionGestures.c">
      <Filter>Source Files\GestureRecognizer</Filter>
    </ClCompile>
    <ClCompile Include="Db.c">
      <Filter>Source Files\therapy</Filter>
    </ClCompile>
    <ClCompile Include="FlexedMember.c">
      <Filter>Source Files\GestureRecognizer</Filter>
    </ClCompile>
    <ClCompile Include="Storage.c">
      <Filter>Source Files\therapy</Filter>
    </ClCompile>
    <ClCompile Include="KeyPressAction.c">
      <Filter>Source Files\Actions</Filter>
    </ClCompile>
    <ClCompile Include="GestureRecognizer.c">
      <Filter>Source Files\GestureRecognizer</Filter>
    </ClCompile>
    <ClCompile Include="ButtonChecker.c">
      <Filter>Source Files\GestureRecognizer</Filter>
    </ClCompile>
    <ClCompile Include="AbstractGestureRecognizer.c">
      <Filter>Source Files\GestureRecognizer</Filter>
    </ClCompile>
  </ItemGroup>
  <ItemGroup>
    <ClInclude Include="KeyMap.h">
      <Filter>Header Files</Filter>
    </ClInclude>
    <ClInclude Include="ConfigFileReader.h">
      <Filter>Header Files</Filter>
    </ClInclude>
    <ClInclude Include="DeviceInfo.h">
      <Filter>Header Files</Filter>
    </ClInclude>
    <ClInclude Include="Config.h">
      <Filter>Header Files</Filter>
    </ClInclude>
    <ClInclude Include="FileParser.h">
      <Filter>Header Files</Filter>
    </ClInclude>
    <ClInclude Include="InputConverter.h">
      <Filter>Header Files</Filter>
    </ClInclude>
    <ClInclude Include="Client.h">
      <Filter>Header Files</Filter>
    </ClInclude>
    <ClInclude Include="View.h">
      <Filter>Header Files</Filter>
    </ClInclude>
    <ClInclude Include="util.h">
      <Filter>Header Files</Filter>
    </ClInclude>
    <ClInclude Include="Skeleton.h">
      <Filter>Header Files</Filter>
    </ClInclude>
    <ClInclude Include="KinectGestures.h">
      <Filter>Header Files\GestureRecognizer</Filter>
    </ClInclude>
    <ClInclude Include="LeapMotionGestures.h">
      <Filter>Header Files\GestureRecognizer</Filter>
    </ClInclude>
    <ClInclude Include="NEDGloveGestures.h">
      <Filter>Header Files\GestureRecognizer</Filter>
    </ClInclude>
    <ClInclude Include="utf8\checked.h">
      <Filter>Header Files\external</Filter>
    </ClInclude>
    <ClInclude Include="utf8\core.h">
      <Filter>Header Files\external</Filter>
    </ClInclude>
    <ClInclude Include="Db.h">
      <Filter>Header Files\therapy</Filter>
    </ClInclude>
    <ClInclude Include="GestureRecognizer.h">
      <Filter>Header Files\GestureRecognizer</Filter>
    </ClInclude>
    <ClInclude Include="FlexedMember.h">
      <Filter>Header Files\GestureRecognizer</Filter>
    </ClInclude>
    <ClInclude Include="json.hpp">
      <Filter>Header Files\external</Filter>
    </ClInclude>
    <ClInclude Include="utf8.h">
      <Filter>Header Files\external</Filter>
    </ClInclude>
    <ClInclude Include="utf8\unchecked.h">
      <Filter>Header Files\external</Filter>
    </ClInclude>
    <ClInclude Include="Storage.h">
      <Filter>Header Files\therapy</Filter>
    </ClInclude>
    <ClInclude Include="AbstractAction.h">
      <Filter>Header Files\Actions</Filter>
    </ClInclude>
    <ClInclude Include="KeyPressAction.h">
      <Filter>Header Files\Actions</Filter>
    </ClInclude>
    <ClInclude Include="AbstractGestureRecognizer.h">
      <Filter>Header Files\GestureRecognizer</Filter>
    </ClInclude>
    <ClInclude Include="ButtonChecker.h">
      <Filter>Header Files\GestureRecognizer</Filter>
    </ClInclude>
    <ClInclude Include="VariabilitiesConfig.h">
      <Filter>Header Files</Filter>
    </ClInclude>
  </ItemGroup>
  <ItemGroup>
    <None Include="vrpn-client-mb.cfg" />
    <None Include="config.json" />
    <None Include="drunkbug.json" />
    <None Include="runner.json" />
    <None Include="performance.json" />
    <None Include="nedglove.json" />
    <None Include="kayak.json" />
    <None Include="mouse.json" />
    <None Include="twoplayers.json" />
  </ItemGroup>
</Project>